{
  "object": {
    "pins": [
      {
        "package": "SKQueue",
        "repositoryURL": "https://github.com/daniel-pedersen/SKQueue.git",
        "state": {
          "branch": null,
          "revision": "a52c15ea2a8f28fde607155cf75c1abe9ea000a7",
          "version": "1.2.0"
        }
      },
      {
        "package": "swift-argument-parser",
        "repositoryURL": "https://github.com/apple/swift-argument-parser",
        "state": {
          "branch": null,
          "revision": "9f04d1ff1afbccd02279338a2c91e5f27c45e93a",
          "version": "0.0.5"
        }
      },
      {
        "package": "swift-nio",
        "repositoryURL": "https://github.com/apple/swift-nio.git",
        "state": {
          "branch": null,
          "revision": "e876fb37410e0036b98b5361bb18e6854739572b",
          "version": "2.16.0"
        }
      }
    ]
  },
  "version": 1
}
