{
  "object": {
    "pins": [
      {
        "package": "async-http-client",
        "repositoryURL": "https://github.com/swift-server/async-http-client.git",
        "state": {
          "branch": null,
          "revision": "70826d038d5bdc3142a386b735792d87ef7a5dfc",
          "version": "1.8.1"
        }
      },
      {
        "package": "async-kit",
        "repositoryURL": "https://github.com/vapor/async-kit.git",
        "state": {
          "branch": null,
          "revision": "3b1e7e9069a62295151c6c1609050cd38a0a7af5",
          "version": "1.11.0"
        }
      },
      {
        "package": "console-kit",
        "repositoryURL": "https://github.com/vapor/console-kit.git",
        "state": {
          "branch": null,
          "revision": "75ea3b627d88221440b878e5dfccc73fd06842ed",
          "version": "4.2.7"
        }
      },
      {
        "package": "multipart-kit",
        "repositoryURL": "https://github.com/vapor/multipart-kit.git",
        "state": {
          "branch": null,
          "revision": "2dd9368a3c9580792b77c7ef364f3735909d9996",
          "version": "4.5.1"
        }
      },
      {
        "package": "routing-kit",
        "repositoryURL": "https://github.com/vapor/routing-kit.git",
        "state": {
          "branch": null,
          "revision": "5603b81ceb744b8318feab1e60943704977a866b",
          "version": "4.3.1"
        }
      },
      {
        "package": "Splash",
        "repositoryURL": "https://github.com/JohnSundell/Splash.git",
        "state": {
          "branch": null,
          "revision": "7f4df436eb78fe64fe2c32c58006e9949fa28ad8",
          "version": "0.16.0"
        }
      },
      {
        "package": "swift-argument-parser",
        "repositoryURL": "https://github.com/apple/swift-argument-parser.git",
        "state": {
          "branch": null,
          "revision": "83b23d940471b313427da226196661856f6ba3e0",
          "version": "0.4.4"
        }
      },
      {
        "package": "swift-backtrace",
        "repositoryURL": "https://github.com/swift-server/swift-backtrace.git",
        "state": {
          "branch": null,
          "revision": "d3e04a9d4b3833363fb6192065b763310b156d54",
          "version": "1.3.1"
        }
      },
      {
        "package": "swift-crypto",
        "repositoryURL": "https://github.com/apple/swift-crypto.git",
        "state": {
          "branch": null,
          "revision": "3bea268b223651c4ab7b7b9ad62ef9b2d4143eb6",
          "version": "1.1.6"
        }
      },
      {
        "package": "swift-driver",
        "repositoryURL": "https://github.com/apple/swift-driver.git",
        "state": {
          "branch": "release/5.5",
          "revision": "86c54dacd270e0c43374c0cb9b2ceb2924c9ea72",
          "version": null
        }
      },
      {
        "package": "llbuild",
        "repositoryURL": "https://github.com/apple/swift-llbuild.git",
        "state": {
          "branch": "release/5.5",
          "revision": "83c4bcb8dfca48cc065325287b55d08ff7b26428",
          "version": null
        }
      },
      {
        "package": "swift-log",
        "repositoryURL": "https://github.com/apple/swift-log.git",
        "state": {
          "branch": null,
          "revision": "5d66f7ba25daf4f94100e7022febf3c75e37a6c7",
          "version": "1.4.2"
        }
      },
      {
        "package": "swift-metrics",
        "repositoryURL": "https://github.com/apple/swift-metrics.git",
        "state": {
          "branch": null,
          "revision": "3edd2f57afc4e68e23c3e4956bc8b65ca6b5b2ff",
          "version": "2.2.0"
        }
      },
      {
        "package": "swift-nio",
        "repositoryURL": "https://github.com/apple/swift-nio.git",
        "state": {
          "branch": null,
          "revision": "213eb6887e526e0dfac526a2eae559a1893ebbac",
          "version": "2.36.0"
        }
      },
      {
        "package": "swift-nio-extras",
        "repositoryURL": "https://github.com/apple/swift-nio-extras.git",
        "state": {
          "branch": null,
          "revision": "f73ca5ee9c6806800243f1ac415fcf82de9a4c91",
          "version": "1.10.2"
        }
      },
      {
        "package": "swift-nio-http2",
        "repositoryURL": "https://github.com/apple/swift-nio-http2.git",
        "state": {
          "branch": null,
          "revision": "6e94a7be32891d1b303a3fcfde8b5bf64d162e74",
          "version": "1.19.1"
        }
      },
      {
        "package": "swift-nio-ssl",
        "repositoryURL": "https://github.com/apple/swift-nio-ssl.git",
        "state": {
          "branch": null,
          "revision": "2b329e37e9dd34fb382655181a680261d58cbbf1",
          "version": "2.17.1"
        }
      },
      {
        "package": "swift-nio-transport-services",
        "repositoryURL": "https://github.com/apple/swift-nio-transport-services.git",
        "state": {
          "branch": null,
          "revision": "e7f5278a26442dc46783ba7e063643d524e414a0",
          "version": "1.11.3"
        }
      },
      {
        "package": "SwiftPM",
        "repositoryURL": "https://github.com/apple/swift-package-manager.git",
        "state": {
          "branch": "release/5.5",
          "revision": "7a1f113534689c77b3a4110288478580b7b8d91c",
          "version": null
        }
      },
      {
        "package": "swift-tools-support-core",
        "repositoryURL": "https://github.com/apple/swift-tools-support-core.git",
        "state": {
          "branch": "release/5.5",
          "revision": "3b586ce12865db205081acdcea79fe5509b28152",
          "version": null
        }
      },
      {
        "package": "vapor",
        "repositoryURL": "https://github.com/vapor/vapor.git",
        "state": {
          "branch": null,
          "revision": "34bf1b303623de04801d2b9bef5b2ed48b3e9319",
          "version": "4.54.0"
        }
      },
      {
        "package": "WasmTransformer",
        "repositoryURL": "https://github.com/swiftwasm/WasmTransformer",
        "state": {
          "branch": null,
          "revision": "042b7b082cbe3cf5b29938030228aca0cd9470bf",
          "version": "0.0.3"
        }
      },
      {
        "package": "websocket-kit",
        "repositoryURL": "https://github.com/vapor/websocket-kit.git",
        "state": {
          "branch": null,
          "revision": "ff8fbce837ef01a93d49c6fb49a72be0f150dac7",
          "version": "2.3.0"
        }
      },
      {
        "package": "Yams",
        "repositoryURL": "https://github.com/jpsim/Yams.git",
        "state": {
          "branch": null,
          "revision": "9ff1cc9327586db4e0c8f46f064b6a82ec1566fa",
          "version": "4.0.6"
        }
      }
    ]
  },
  "version": 1
}
