{
  "object": {
    "pins": [
      {
        "package": "JavaScriptKit",
        "repositoryURL": "https://github.com/swiftwasm/JavaScriptKit",
        "state": {
          "branch": null,
          "revision": "309e63c03d8116210ad0437f5d1f09a26d4de48b",
          "version": "0.11.1"
        }
      }
    ]
  },
  "version": 1
}
