{
  "object": {
    "pins": [
      {
        "package": "JavaScriptKit",
        "repositoryURL": "https://github.com/swiftwasm/JavaScriptKit",
        "state": {
          "branch": null,
          "revision": "9a3b7d5f316e6d1709bd25e3e0392efca357f525",
          "version": "0.14.0"
        }
      }
    ]
  },
  "version": 1
}
