{
  "object": {
    "pins": [
      {
        "package": "JavaScriptKit",
        "repositoryURL": "https://github.com/swiftwasm/JavaScriptKit",
        "state": {
          "branch": null,
          "revision": "2d7bc960eed438dce7355710ece43fa004bbb3ac",
          "version": "0.15.0"
        }
      }
    ]
  },
  "version": 1
}
