{
  "object": {
    "pins": [
      {
        "package": "JavaScriptKit",
        "repositoryURL": "https://github.com/kateinoigakukun/JavaScriptKit",
        "state": {
          "branch": "85b8617",
          "revision": "85b8617eb107e161ede6b8ded5f1eb88b54648e0",
          "version": null
        }
      }
    ]
  },
  "version": 1
}
