{
  "object": {
    "pins": [
      {
        "package": "JavaScriptKit",
        "repositoryURL": "https://github.com/kateinoigakukun/JavaScriptKit",
        "state": {
          "branch": "b245ad5",
          "revision": "b245ad5a2c1c4f5e519900ff06d845cbc106378a",
          "version": null
        }
      }
    ]
  },
  "version": 1
}
