{
  "object": {
    "pins": [
      {
        "package": "JavaScriptKit",
        "repositoryURL": "https://github.com/swiftwasm/JavaScriptKit",
        "state": {
          "branch": null,
          "revision": "6e84a7003071ed3e9fa7f8d8266a272a36b84608",
          "version": "0.7.2"
        }
      }
    ]
  },
  "version": 1
}
